{
    "version": 3,
    "terraform_version": "0.11.13",
    "serial": 25,
    "lineage": "e92f6e17-fe78-7757-5931-1bdca450c559",
    "modules": [
        {
            "path": [
                "root"
            ],
            "outputs": {},
            "resources": {
                "azurerm_network_security_group.MyFirstnsg": {
                    "type": "azurerm_network_security_group",
                    "depends_on": [],
                    "primary": {
                        "id": "/subscriptions/0dcfd83f-ac2a-4783-b92c-c297a2c879e3/resourceGroups/tp-final/providers/Microsoft.Network/networkSecurityGroups/Nsg1",
                        "attributes": {
                            "id": "/subscriptions/0dcfd83f-ac2a-4783-b92c-c297a2c879e3/resourceGroups/tp-final/providers/Microsoft.Network/networkSecurityGroups/Nsg1",
                            "location": "francecentral",
                            "name": "Nsg1",
                            "resource_group_name": "tp-final",
                            "security_rule.#": "2",
                            "security_rule.117776475.access": "Allow",
                            "security_rule.117776475.description": "",
                            "security_rule.117776475.destination_address_prefix": "*",
                            "security_rule.117776475.destination_address_prefixes.#": "0",
                            "security_rule.117776475.destination_application_security_group_ids.#": "0",
                            "security_rule.117776475.destination_port_range": "8080",
                            "security_rule.117776475.destination_port_ranges.#": "0",
                            "security_rule.117776475.direction": "Inbound",
                            "security_rule.117776475.name": "HTTP",
                            "security_rule.117776475.priority": "1002",
                            "security_rule.117776475.protocol": "TCP",
                            "security_rule.117776475.source_address_prefix": "*",
                            "security_rule.117776475.source_address_prefixes.#": "0",
                            "security_rule.117776475.source_application_security_group_ids.#": "0",
                            "security_rule.117776475.source_port_range": "*",
                            "security_rule.117776475.source_port_ranges.#": "0",
                            "security_rule.2286085285.access": "Allow",
                            "security_rule.2286085285.description": "",
                            "security_rule.2286085285.destination_address_prefix": "*",
                            "security_rule.2286085285.destination_address_prefixes.#": "0",
                            "security_rule.2286085285.destination_application_security_group_ids.#": "0",
                            "security_rule.2286085285.destination_port_range": "22",
                            "security_rule.2286085285.destination_port_ranges.#": "0",
                            "security_rule.2286085285.direction": "Inbound",
                            "security_rule.2286085285.name": "SSH",
                            "security_rule.2286085285.priority": "1001",
                            "security_rule.2286085285.protocol": "TCP",
                            "security_rule.2286085285.source_address_prefix": "*",
                            "security_rule.2286085285.source_address_prefixes.#": "0",
                            "security_rule.2286085285.source_application_security_group_ids.#": "0",
                            "security_rule.2286085285.source_port_range": "*",
                            "security_rule.2286085285.source_port_ranges.#": "0",
                            "tags.%": "0"
                        },
                        "meta": {},
                        "tainted": false
                    },
                    "deposed": [],
                    "provider": "provider.azurerm"
                },
                "azurerm_public_ip.MyFirstPubIp": {
                    "type": "azurerm_public_ip",
                    "depends_on": [],
                    "primary": {
                        "id": "/subscriptions/0dcfd83f-ac2a-4783-b92c-c297a2c879e3/resourceGroups/tp-final/providers/Microsoft.Network/publicIPAddresses/pubIp1",
                        "attributes": {
                            "allocation_method": "Dynamic",
                            "id": "/subscriptions/0dcfd83f-ac2a-4783-b92c-c297a2c879e3/resourceGroups/tp-final/providers/Microsoft.Network/publicIPAddresses/pubIp1",
                            "idle_timeout_in_minutes": "4",
                            "ip_address": "",
                            "ip_version": "IPv4",
                            "location": "francecentral",
                            "name": "pubIp1",
                            "public_ip_address_allocation": "Dynamic",
                            "resource_group_name": "tp-final",
                            "sku": "Basic",
                            "tags.%": "0",
                            "zones.#": "0"
                        },
                        "meta": {},
                        "tainted": false
                    },
                    "deposed": [],
                    "provider": "provider.azurerm"
                },
                "azurerm_public_ip.MySecondPubIp": {
                    "type": "azurerm_public_ip",
                    "depends_on": [],
                    "primary": {
                        "id": "/subscriptions/0dcfd83f-ac2a-4783-b92c-c297a2c879e3/resourceGroups/tp-final/providers/Microsoft.Network/publicIPAddresses/pubIp2",
                        "attributes": {
                            "allocation_method": "Dynamic",
                            "id": "/subscriptions/0dcfd83f-ac2a-4783-b92c-c297a2c879e3/resourceGroups/tp-final/providers/Microsoft.Network/publicIPAddresses/pubIp2",
                            "idle_timeout_in_minutes": "4",
                            "ip_address": "",
                            "ip_version": "IPv4",
                            "location": "francecentral",
                            "name": "pubIp2",
                            "public_ip_address_allocation": "Dynamic",
                            "resource_group_name": "tp-final",
                            "sku": "Basic",
                            "tags.%": "0",
                            "zones.#": "0"
                        },
                        "meta": {},
                        "tainted": false
                    },
                    "deposed": [],
                    "provider": "provider.azurerm"
                },
                "azurerm_resource_group.rg": {
                    "type": "azurerm_resource_group",
                    "depends_on": [],
                    "primary": {
                        "id": "/subscriptions/0dcfd83f-ac2a-4783-b92c-c297a2c879e3/resourceGroups/tp-final",
                        "attributes": {
                            "id": "/subscriptions/0dcfd83f-ac2a-4783-b92c-c297a2c879e3/resourceGroups/tp-final",
                            "location": "francecentral",
                            "name": "tp-final",
                            "tags.%": "1",
                            "tags.owner": "morad"
                        },
                        "meta": {},
                        "tainted": false
                    },
                    "deposed": [],
                    "provider": "provider.azurerm"
                },
                "azurerm_virtual_network.PileVnet": {
                    "type": "azurerm_virtual_network",
                    "depends_on": [],
                    "primary": {
                        "id": "/subscriptions/0dcfd83f-ac2a-4783-b92c-c297a2c879e3/resourceGroups/tp-final/providers/Microsoft.Network/virtualNetworks/PileVnet",
                        "attributes": {
                            "address_space.#": "1",
                            "address_space.0": "10.0.0.0/16",
                            "ddos_protection_plan.#": "0",
                            "dns_servers.#": "0",
                            "id": "/subscriptions/0dcfd83f-ac2a-4783-b92c-c297a2c879e3/resourceGroups/tp-final/providers/Microsoft.Network/virtualNetworks/PileVnet",
                            "location": "francecentral",
                            "name": "PileVnet",
                            "resource_group_name": "tp-final",
                            "subnet.#": "0",
                            "tags.%": "0"
                        },
                        "meta": {},
                        "tainted": false
                    },
                    "deposed": [],
                    "provider": "provider.azurerm"
                }
            },
            "depends_on": []
        }
    ]
}
